{
    "name": "mycode",
    "version": "1.0.0",
    "lockfileVersion": 1,
    "requires": true,
    "dependencies": {
        "eslint-config-alloy": {
            "version": "1.4.2",
            "resolved": "http://artifactory.intra.xiaojukeji.com:80/artifactory/api/npm/npm/eslint-config-alloy/download/eslint-config-alloy-1.4.2.tgz",
            "integrity": "sha1-fcsBWZKmWYBVZ5SDEDut9VU0oKY=",
            "dev": true
        }
    }
}
